
Microsoft Visual Studio Solution File, Format Version 12.00
# Visual Studio 15
VisualStudioVersion = 15.0.27004.2006
MinimumVisualStudioVersion = 10.0.40219.1
Project("{FAE04EC0-301F-11D3-BF4B-00C04F79EFBC}") = "WorkerControl", "WorkerControl\WorkerControl.csproj", "{2704EE40-5E06-4DDE-8A0D-7C9F6145AC08}"
EndProject
Global
	GlobalSection(SolutionConfigurationPlatforms) = preSolution
		Debug|Any CPU = Debug|Any CPU
		Release|Any CPU = Release|Any CPU
	EndGlobalSection
	GlobalSection(ProjectConfigurationPlatforms) = postSolution
		{2704EE40-5E06-4DDE-8A0D-7C9F6145AC08}.Debug|Any CPU.ActiveCfg = Debug|Any CPU
		{2704EE40-5E06-4DDE-8A0D-7C9F6145AC08}.Debug|Any CPU.Build.0 = Debug|Any CPU
		{2704EE40-5E06-4DDE-8A0D-7C9F6145AC08}.Release|Any CPU.ActiveCfg = Release|Any CPU
		{2704EE40-5E06-4DDE-8A0D-7C9F6145AC08}.Release|Any CPU.Build.0 = Release|Any CPU
	EndGlobalSection
	GlobalSection(SolutionProperties) = preSolution
		HideSolutionNode = FALSE
	EndGlobalSection
	GlobalSection(ExtensibilityGlobals) = postSolution
		SolutionGuid = {2477345E-77C8-43AB-9C4F-C3D9945E2483}
	EndGlobalSection
EndGlobal
